
Microsoft Visual Studio Solution File, Format Version 12.00
# Visual Studio Version 18
VisualStudioVersion = 18.0.11217.181
MinimumVisualStudioVersion = 10.0.40219.1
Project("{FAE04EC0-301F-11D3-BF4B-00C04F79EFBC}") = "GardenFreshFlowersShop", "GardenFreshFlowersShop\GardenFreshFlowersShop.csproj", "{198403F0-6181-4737-AE0D-0D19F8B8F16C}"
EndProject
Project("{FAE04EC0-301F-11D3-BF4B-00C04F79EFBC}") = "GardenFreshFlowersShop.Data", "GardenFreshFlowersShop.Data\GardenFreshFlowersShop.Data.csproj", "{4EDC57FA-13EB-4DE7-BA53-BFEE36B7B730}"
EndProject
Project("{FAE04EC0-301F-11D3-BF4B-00C04F79EFBC}") = "GardenFreshFlowersShop.Shared", "GardenFreshFlowersShop.Shared\GardenFreshFlowersShop.Shared.csproj", "{748E2C6D-79D8-45CC-80C8-3227C7038A2B}"
EndProject
Global
	GlobalSection(SolutionConfigurationPlatforms) = preSolution
		Debug|Any CPU = Debug|Any CPU
		Release|Any CPU = Release|Any CPU
	EndGlobalSection
	GlobalSection(ProjectConfigurationPlatforms) = postSolution
		{198403F0-6181-4737-AE0D-0D19F8B8F16C}.Debug|Any CPU.ActiveCfg = Debug|Any CPU
		{198403F0-6181-4737-AE0D-0D19F8B8F16C}.Debug|Any CPU.Build.0 = Debug|Any CPU
		{198403F0-6181-4737-AE0D-0D19F8B8F16C}.Release|Any CPU.ActiveCfg = Release|Any CPU
		{198403F0-6181-4737-AE0D-0D19F8B8F16C}.Release|Any CPU.Build.0 = Release|Any CPU
		{4EDC57FA-13EB-4DE7-BA53-BFEE36B7B730}.Debug|Any CPU.ActiveCfg = Debug|Any CPU
		{4EDC57FA-13EB-4DE7-BA53-BFEE36B7B730}.Debug|Any CPU.Build.0 = Debug|Any CPU
		{4EDC57FA-13EB-4DE7-BA53-BFEE36B7B730}.Release|Any CPU.ActiveCfg = Release|Any CPU
		{4EDC57FA-13EB-4DE7-BA53-BFEE36B7B730}.Release|Any CPU.Build.0 = Release|Any CPU
		{748E2C6D-79D8-45CC-80C8-3227C7038A2B}.Debug|Any CPU.ActiveCfg = Debug|Any CPU
		{748E2C6D-79D8-45CC-80C8-3227C7038A2B}.Debug|Any CPU.Build.0 = Debug|Any CPU
		{748E2C6D-79D8-45CC-80C8-3227C7038A2B}.Release|Any CPU.ActiveCfg = Release|Any CPU
		{748E2C6D-79D8-45CC-80C8-3227C7038A2B}.Release|Any CPU.Build.0 = Release|Any CPU
	EndGlobalSection
	GlobalSection(SolutionProperties) = preSolution
		HideSolutionNode = FALSE
	EndGlobalSection
	GlobalSection(ExtensibilityGlobals) = postSolution
		SolutionGuid = {CCC26FBF-DE90-497E-A49B-C5808D91FB12}
	EndGlobalSection
EndGlobal
